{
  "nodes": {
    "nixops": {
      "inputs": {
        "nixpkgs": "nixpkgs",
        "utils": "utils"
      },
      "locked": {
        "lastModified": 1625656666,
        "narHash": "sha256-hOFE2vTEXL1SZhNxdvWxRMP4mIyjFq4ZZZJ15xhp8EA=",
        "owner": "nixos",
        "repo": "nixops",
        "rev": "2e67d89d126af9d2bf702da13efe73fbd471a5ec",
        "type": "github"
      },
      "original": {
        "owner": "nixos",
        "repo": "nixops",
        "type": "github"
      }
    },
    "nixpkgs": {
      "locked": {
        "lastModified": 1612282043,
        "narHash": "sha256-MzoN8nI1eydYHuWBAXBcw9Na0XndZHa/VjoxZRWSX68=",
        "owner": "NixOS",
        "repo": "nixpkgs",
        "rev": "fab6fcdceb2560a4ab943830a2b1632458c7a6ff",
        "type": "github"
      },
      "original": {
        "owner": "NixOS",
        "ref": "nixos-unstable",
        "repo": "nixpkgs",
        "type": "github"
      }
    },
    "remote-builder-network": {
      "inputs": {
        "nixops": "nixops",
        "nixops-plugged": [
          "remote-builder-network",
          "nixops-plugged"
        ],
        "nixpkgs": [
          "remote-builder-network",
          "nixops",
          "nixpkgs"
        ],
        "utils": [
          "remote-builder-network",
          "nixops",
          "utils"
        ]
      },
      "locked": {
        "narHash": "sha256-XqJVv1Ip/CBElC4f/tirampDAd0edL8CbjVnkSrfcHw=",
        "path": "./remote-builder-network",
        "type": "path"
      },
      "original": {
        "path": "./remote-builder-network",
        "type": "path"
      }
    },
    "root": {
      "inputs": {
        "nixpkgs": [
          "remote-builder-network",
          "nixops",
          "nixpkgs"
        ],
        "remote-builder-network": "remote-builder-network",
        "utils": [
          "remote-builder-network",
          "nixops",
          "utils"
        ]
      }
    },
    "utils": {
      "locked": {
        "lastModified": 1610051610,
        "narHash": "sha256-U9rPz/usA1/Aohhk7Cmc2gBrEEKRzcW4nwPWMPwja4Y=",
        "owner": "numtide",
        "repo": "flake-utils",
        "rev": "3982c9903e93927c2164caa727cd3f6a0e6d14cc",
        "type": "github"
      },
      "original": {
        "owner": "numtide",
        "repo": "flake-utils",
        "type": "github"
      }
    }
  },
  "root": "root",
  "version": 7
}
