{
  "nodes": {
    "nixops-aws-src": {
      "flake": false,
      "locked": {
        "lastModified": 1636756141,
        "narHash": "sha256-PK1eCnHpBhMYXMeinN2YsFyMAdfyh+TurwR+74tDThg=",
        "owner": "rehno-lindeque",
        "repo": "nixops-aws",
        "rev": "cb94cc1402d6da04534a05f4b94c6b3da1c84c23",
        "type": "github"
      },
      "original": {
        "owner": "rehno-lindeque",
        "ref": "wip",
        "repo": "nixops-aws",
        "type": "github"
      }
    },
    "nixops-src": {
      "flake": false,
      "locked": {
        "lastModified": 1636756247,
        "narHash": "sha256-zy3cRfBvQmkbUXywERINjF6AvD2jRfFF13mYJDYSpjc=",
        "owner": "rehno-lindeque",
        "repo": "nixops",
        "rev": "7bf9bcc455a6558e7dcac84114169963c5b408b7",
        "type": "github"
      },
      "original": {
        "owner": "rehno-lindeque",
        "ref": "wip",
        "repo": "nixops",
        "type": "github"
      }
    },
    "nixpkgs": {
      "locked": {
        "lastModified": 1632971374,
        "narHash": "sha256-pszKnYBZYWrI/hbeiRoKwEFyeoqieIYAutxd7i8gYEE=",
        "owner": "nixos",
        "repo": "nixpkgs",
        "rev": "44999232a974132e4c4623ae67f856154b330dff",
        "type": "github"
      },
      "original": {
        "owner": "nixos",
        "repo": "nixpkgs",
        "rev": "44999232a974132e4c4623ae67f856154b330dff",
        "type": "github"
      }
    },
    "nixpkgs_2": {
      "locked": {
        "lastModified": 1636756140,
        "narHash": "sha256-5JrYsix+Vh70PXH1TKjpxSPMuzUZo/YiG2vHaRjCy0M=",
        "owner": "nixos",
        "repo": "nixpkgs",
        "rev": "fbe24d85f2a2388a629041639952ced83efe0554",
        "type": "github"
      },
      "original": {
        "owner": "nixos",
        "repo": "nixpkgs",
        "type": "github"
      }
    },
    "remote-builder-network": {
      "inputs": {
        "nixops-aws-src": "nixops-aws-src",
        "nixops-src": "nixops-src",
        "nixpkgs": "nixpkgs_2",
        "utils": "utils"
      },
      "locked": {
        "narHash": "sha256-OwpgRXw5QRRms+DFNDGW373iIVP5oNfBYFWJ6mVSO2o=",
        "path": "./remote-builder-network",
        "type": "path"
      },
      "original": {
        "path": "./remote-builder-network",
        "type": "path"
      }
    },
    "root": {
      "inputs": {
        "nixpkgs": "nixpkgs",
        "remote-builder-network": "remote-builder-network",
        "utils": [
          "remote-builder-network",
          "utils"
        ]
      }
    },
    "utils": {
      "locked": {
        "lastModified": 1634851050,
        "narHash": "sha256-N83GlSGPJJdcqhUxSCS/WwW5pksYf3VP1M13cDRTSVA=",
        "owner": "numtide",
        "repo": "flake-utils",
        "rev": "c91f3de5adaf1de973b797ef7485e441a65b8935",
        "type": "github"
      },
      "original": {
        "owner": "numtide",
        "repo": "flake-utils",
        "type": "github"
      }
    }
  },
  "root": "root",
  "version": 7
}
