{
  "nodes": {
    "nixops-aws-src": {
      "flake": false,
      "locked": {
        "narHash": "sha256-6ATKw1wsYWQzAVG0DNz7CjawnsmBwR3NcCNNkRe73A4=",
        "path": "/home/me/projects/development/nixops-aws",
        "type": "path"
      },
      "original": {
        "path": "/home/me/projects/development/nixops-aws",
        "type": "path"
      }
    },
    "nixops-src": {
      "flake": false,
      "locked": {
        "narHash": "sha256-+cu87+NfasyWMxqWs/8qMcMiHpkKq+/YwuxLgN8irwU=",
        "path": "/home/me/projects/development/nixops",
        "type": "path"
      },
      "original": {
        "path": "/home/me/projects/development/nixops",
        "type": "path"
      }
    },
    "nixpkgs": {
      "locked": {
        "lastModified": 1634545786,
        "narHash": "sha256-pDPnXu0k9o6q8BNZg3DCvzTbrPvv4jvAOZnbwDHQSFU=",
        "owner": "nixos",
        "repo": "nixpkgs",
        "rev": "f42a1f9a1ef4b3726fc9981c49b2bcbd66b6ff62",
        "type": "github"
      },
      "original": {
        "owner": "nixos",
        "repo": "nixpkgs",
        "type": "github"
      }
    },
    "root": {
      "inputs": {
        "nixops-aws-src": "nixops-aws-src",
        "nixops-src": "nixops-src",
        "nixpkgs": "nixpkgs",
        "utils": "utils"
      }
    },
    "utils": {
      "locked": {
        "lastModified": 1631561581,
        "narHash": "sha256-3VQMV5zvxaVLvqqUrNz3iJelLw30mIVSfZmAaauM3dA=",
        "owner": "numtide",
        "repo": "flake-utils",
        "rev": "7e5bf3925f6fbdfaf50a2a7ca0be2879c4261d19",
        "type": "github"
      },
      "original": {
        "owner": "numtide",
        "repo": "flake-utils",
        "type": "github"
      }
    }
  },
  "root": "root",
  "version": 7
}
